
Microsoft Visual Studio Solution File, Format Version 12.00
# Visual Studio Version 17
VisualStudioVersion = 17.13.35825.156
MinimumVisualStudioVersion = 10.0.40219.1
Project("{FAE04EC0-301F-11D3-BF4B-00C04F79EFBC}") = "BookCatalog.Tests", "BookCatalog.Tests\BookCatalog.Tests.csproj", "{1C619825-A6DF-4494-A638-F6FB029ABA36}"
EndProject
Project("{FAE04EC0-301F-11D3-BF4B-00C04F79EFBC}") = "BookCatalog.DataLayer", "BookCatalog.DataLayer\BookCatalog.DataLayer.csproj", "{77EDF287-42F8-4C60-A53C-BA25AE46CEFE}"
EndProject
Project("{FAE04EC0-301F-11D3-BF4B-00C04F79EFBC}") = "BookCatalog", "BookCatalog\BookCatalog.csproj", "{BA2FEBB2-58E2-4884-B068-0408C9BB2F3B}"
EndProject
Project("{FAE04EC0-301F-11D3-BF4B-00C04F79EFBC}") = "BookCatalog.ConsoleApplication", "BookCatalog.ConsoleApplication\BookCatalog.ConsoleApplication.csproj", "{8FB831DD-DE88-7745-A673-43289BDE8485}"
EndProject
Global
	GlobalSection(SolutionConfigurationPlatforms) = preSolution
		Debug|Any CPU = Debug|Any CPU
		Release|Any CPU = Release|Any CPU
	EndGlobalSection
	GlobalSection(ProjectConfigurationPlatforms) = postSolution
		{1C619825-A6DF-4494-A638-F6FB029ABA36}.Debug|Any CPU.ActiveCfg = Debug|Any CPU
		{1C619825-A6DF-4494-A638-F6FB029ABA36}.Debug|Any CPU.Build.0 = Debug|Any CPU
		{1C619825-A6DF-4494-A638-F6FB029ABA36}.Release|Any CPU.ActiveCfg = Release|Any CPU
		{1C619825-A6DF-4494-A638-F6FB029ABA36}.Release|Any CPU.Build.0 = Release|Any CPU
		{77EDF287-42F8-4C60-A53C-BA25AE46CEFE}.Debug|Any CPU.ActiveCfg = Debug|Any CPU
		{77EDF287-42F8-4C60-A53C-BA25AE46CEFE}.Debug|Any CPU.Build.0 = Debug|Any CPU
		{77EDF287-42F8-4C60-A53C-BA25AE46CEFE}.Release|Any CPU.ActiveCfg = Release|Any CPU
		{77EDF287-42F8-4C60-A53C-BA25AE46CEFE}.Release|Any CPU.Build.0 = Release|Any CPU
		{BA2FEBB2-58E2-4884-B068-0408C9BB2F3B}.Debug|Any CPU.ActiveCfg = Debug|Any CPU
		{BA2FEBB2-58E2-4884-B068-0408C9BB2F3B}.Debug|Any CPU.Build.0 = Debug|Any CPU
		{BA2FEBB2-58E2-4884-B068-0408C9BB2F3B}.Release|Any CPU.ActiveCfg = Release|Any CPU
		{BA2FEBB2-58E2-4884-B068-0408C9BB2F3B}.Release|Any CPU.Build.0 = Release|Any CPU
		{8FB831DD-DE88-7745-A673-43289BDE8485}.Debug|Any CPU.ActiveCfg = Debug|Any CPU
		{8FB831DD-DE88-7745-A673-43289BDE8485}.Debug|Any CPU.Build.0 = Debug|Any CPU
		{8FB831DD-DE88-7745-A673-43289BDE8485}.Release|Any CPU.ActiveCfg = Release|Any CPU
		{8FB831DD-DE88-7745-A673-43289BDE8485}.Release|Any CPU.Build.0 = Release|Any CPU
	EndGlobalSection
	GlobalSection(SolutionProperties) = preSolution
		HideSolutionNode = FALSE
	EndGlobalSection
	GlobalSection(ExtensibilityGlobals) = postSolution
		SolutionGuid = {52F47AA9-4BA3-4C96-B533-077BC474502E}
	EndGlobalSection
EndGlobal
